
Microsoft Visual Studio Solution File, Format Version 12.00
# Visual Studio Version 17
VisualStudioVersion = 17.13.35825.156
MinimumVisualStudioVersion = 10.0.40219.1
Project("{FAE04EC0-301F-11D3-BF4B-00C04F79EFBC}") = "APIProjectKamp.WebApi", "APIProjectKamp.WebApi\APIProjectKamp.WebApi.csproj", "{3B04487C-A5DD-41C9-B390-18E5032341C6}"
EndProject
Project("{FAE04EC0-301F-11D3-BF4B-00C04F79EFBC}") = "APIProjeKamp.UI", "APIProjeKamp.UI\APIProjeKamp.UI.csproj", "{B87D89E2-7698-4805-A288-EC26BA1F8565}"
EndProject
Global
	GlobalSection(SolutionConfigurationPlatforms) = preSolution
		Debug|Any CPU = Debug|Any CPU
		Release|Any CPU = Release|Any CPU
	EndGlobalSection
	GlobalSection(ProjectConfigurationPlatforms) = postSolution
		{3B04487C-A5DD-41C9-B390-18E5032341C6}.Debug|Any CPU.ActiveCfg = Debug|Any CPU
		{3B04487C-A5DD-41C9-B390-18E5032341C6}.Debug|Any CPU.Build.0 = Debug|Any CPU
		{3B04487C-A5DD-41C9-B390-18E5032341C6}.Release|Any CPU.ActiveCfg = Release|Any CPU
		{3B04487C-A5DD-41C9-B390-18E5032341C6}.Release|Any CPU.Build.0 = Release|Any CPU
		{B87D89E2-7698-4805-A288-EC26BA1F8565}.Debug|Any CPU.ActiveCfg = Debug|Any CPU
		{B87D89E2-7698-4805-A288-EC26BA1F8565}.Debug|Any CPU.Build.0 = Debug|Any CPU
		{B87D89E2-7698-4805-A288-EC26BA1F8565}.Release|Any CPU.ActiveCfg = Release|Any CPU
		{B87D89E2-7698-4805-A288-EC26BA1F8565}.Release|Any CPU.Build.0 = Release|Any CPU
	EndGlobalSection
	GlobalSection(SolutionProperties) = preSolution
		HideSolutionNode = FALSE
	EndGlobalSection
	GlobalSection(ExtensibilityGlobals) = postSolution
		SolutionGuid = {971B2929-CF59-4D41-B4EB-506496C62312}
	EndGlobalSection
EndGlobal
